
Microsoft Visual Studio Solution File, Format Version 12.00
# Visual Studio Version 16
VisualStudioVersion = 16.0.30621.155
MinimumVisualStudioVersion = 10.0.40219.1
Project("{9A19103F-16F7-4668-BE54-9A1E7A4F7556}") = "Day 01", "Day 01\Day 01.csproj", "{1ECC5FC2-57B4-453B-AC2F-A0B192E3A352}"
EndProject
Project("{9A19103F-16F7-4668-BE54-9A1E7A4F7556}") = "Day 02", "Day 02\Day 02.csproj", "{0AFA6E67-452D-4498-92F5-B82138B2AB34}"
EndProject
Project("{9A19103F-16F7-4668-BE54-9A1E7A4F7556}") = "Day 03", "Day 03\Day 03.csproj", "{F0D896E9-101A-4665-BBC3-518A5411BE2E}"
EndProject
Project("{9A19103F-16F7-4668-BE54-9A1E7A4F7556}") = "Day 04", "Day 04\Day 04.csproj", "{BC3A5E4F-C516-446D-8B08-A4BD3533B8A4}"
EndProject
Project("{9A19103F-16F7-4668-BE54-9A1E7A4F7556}") = "Day 05", "Day 05\Day 05.csproj", "{179E0173-EE35-4FC3-ABE8-6D49DCEA2363}"
EndProject
Project("{9A19103F-16F7-4668-BE54-9A1E7A4F7556}") = "Day 06", "Day 06\Day 06.csproj", "{6BAE47F2-1FE9-4407-B575-14CED6E6700B}"
EndProject
Project("{9A19103F-16F7-4668-BE54-9A1E7A4F7556}") = "Day 07", "Day 07\Day 07.csproj", "{BF00ED96-CFC5-4D4C-BBCA-3D315D70D627}"
EndProject
Project("{9A19103F-16F7-4668-BE54-9A1E7A4F7556}") = "Day 08", "Day 08\Day 08.csproj", "{2B44D1FE-9A9E-48A7-80BC-584B860F0162}"
EndProject
Project("{9A19103F-16F7-4668-BE54-9A1E7A4F7556}") = "Day 09", "Day 09\Day 09.csproj", "{FC7DFA37-0D37-41CA-954B-63D29CB9723F}"
EndProject
Project("{9A19103F-16F7-4668-BE54-9A1E7A4F7556}") = "Day 10", "Day 10\Day 10.csproj", "{04FBFE3A-EAB4-472A-ADF1-CAE6E83FA08E}"
EndProject
Project("{9A19103F-16F7-4668-BE54-9A1E7A4F7556}") = "Day 11", "Day 11\Day 11.csproj", "{78E4D6CA-BC06-4C38-81FE-72CEB279A924}"
EndProject
Project("{9A19103F-16F7-4668-BE54-9A1E7A4F7556}") = "Day 12", "Day 12\Day 12.csproj", "{1672BA8E-2700-465B-8B20-0B889E209E09}"
EndProject
Project("{9A19103F-16F7-4668-BE54-9A1E7A4F7556}") = "Day 13", "Day 13\Day 13.csproj", "{AE164E35-98FA-4B80-B3A8-C135532C0C1F}"
EndProject
Project("{9A19103F-16F7-4668-BE54-9A1E7A4F7556}") = "Day 14", "Day 14\Day 14.csproj", "{DDD91510-8ED7-4101-A233-F603DE3C4818}"
EndProject
Project("{9A19103F-16F7-4668-BE54-9A1E7A4F7556}") = "Day 15", "Day 15\Day 15.csproj", "{D4261121-0CBA-48ED-871A-E5CE8EF5FA7F}"
EndProject
Project("{9A19103F-16F7-4668-BE54-9A1E7A4F7556}") = "Day 16", "Day 16\Day 16.csproj", "{547CFB00-5425-494E-B8EE-442ACEAFC265}"
EndProject
Project("{9A19103F-16F7-4668-BE54-9A1E7A4F7556}") = "Day 17", "Day 17\Day 17.csproj", "{68E5A530-E8AD-4A9C-8F7E-05833DCEEA04}"
EndProject
Project("{9A19103F-16F7-4668-BE54-9A1E7A4F7556}") = "Day 18", "Day 18\Day 18.csproj", "{C3D225AD-4E52-441F-9A4D-1DBBF9E7268F}"
EndProject
Project("{9A19103F-16F7-4668-BE54-9A1E7A4F7556}") = "Day 19", "Day 19\Day 19.csproj", "{F369FEF9-DAC3-45CD-86A7-1823F399CA9A}"
EndProject
Project("{9A19103F-16F7-4668-BE54-9A1E7A4F7556}") = "Day 20", "Day 20\Day 20.csproj", "{C380C407-95BE-4892-9A0D-265A4F2B68AA}"
EndProject
Project("{9A19103F-16F7-4668-BE54-9A1E7A4F7556}") = "Day 21", "Day 21\Day 21.csproj", "{59D13AA1-E364-497A-968A-3154AC00EB35}"
EndProject
Project("{FAE04EC0-301F-11D3-BF4B-00C04F79EFBC}") = "Day 22", "Day 22\Day 22.csproj", "{798C88B3-4CF8-4EC0-9EF6-69F4C6A013B1}"
EndProject
Global
	GlobalSection(SolutionConfigurationPlatforms) = preSolution
		Debug|Any CPU = Debug|Any CPU
		Release|Any CPU = Release|Any CPU
	EndGlobalSection
	GlobalSection(ProjectConfigurationPlatforms) = postSolution
		{1ECC5FC2-57B4-453B-AC2F-A0B192E3A352}.Debug|Any CPU.ActiveCfg = Debug|Any CPU
		{1ECC5FC2-57B4-453B-AC2F-A0B192E3A352}.Debug|Any CPU.Build.0 = Debug|Any CPU
		{1ECC5FC2-57B4-453B-AC2F-A0B192E3A352}.Release|Any CPU.ActiveCfg = Release|Any CPU
		{1ECC5FC2-57B4-453B-AC2F-A0B192E3A352}.Release|Any CPU.Build.0 = Release|Any CPU
		{0AFA6E67-452D-4498-92F5-B82138B2AB34}.Debug|Any CPU.ActiveCfg = Debug|Any CPU
		{0AFA6E67-452D-4498-92F5-B82138B2AB34}.Debug|Any CPU.Build.0 = Debug|Any CPU
		{0AFA6E67-452D-4498-92F5-B82138B2AB34}.Release|Any CPU.ActiveCfg = Release|Any CPU
		{0AFA6E67-452D-4498-92F5-B82138B2AB34}.Release|Any CPU.Build.0 = Release|Any CPU
		{F0D896E9-101A-4665-BBC3-518A5411BE2E}.Debug|Any CPU.ActiveCfg = Debug|Any CPU
		{F0D896E9-101A-4665-BBC3-518A5411BE2E}.Debug|Any CPU.Build.0 = Debug|Any CPU
		{F0D896E9-101A-4665-BBC3-518A5411BE2E}.Release|Any CPU.ActiveCfg = Release|Any CPU
		{F0D896E9-101A-4665-BBC3-518A5411BE2E}.Release|Any CPU.Build.0 = Release|Any CPU
		{BC3A5E4F-C516-446D-8B08-A4BD3533B8A4}.Debug|Any CPU.ActiveCfg = Debug|Any CPU
		{BC3A5E4F-C516-446D-8B08-A4BD3533B8A4}.Debug|Any CPU.Build.0 = Debug|Any CPU
		{BC3A5E4F-C516-446D-8B08-A4BD3533B8A4}.Release|Any CPU.ActiveCfg = Release|Any CPU
		{BC3A5E4F-C516-446D-8B08-A4BD3533B8A4}.Release|Any CPU.Build.0 = Release|Any CPU
		{179E0173-EE35-4FC3-ABE8-6D49DCEA2363}.Debug|Any CPU.ActiveCfg = Debug|Any CPU
		{179E0173-EE35-4FC3-ABE8-6D49DCEA2363}.Debug|Any CPU.Build.0 = Debug|Any CPU
		{179E0173-EE35-4FC3-ABE8-6D49DCEA2363}.Release|Any CPU.ActiveCfg = Release|Any CPU
		{179E0173-EE35-4FC3-ABE8-6D49DCEA2363}.Release|Any CPU.Build.0 = Release|Any CPU
		{6BAE47F2-1FE9-4407-B575-14CED6E6700B}.Debug|Any CPU.ActiveCfg = Debug|Any CPU
		{6BAE47F2-1FE9-4407-B575-14CED6E6700B}.Debug|Any CPU.Build.0 = Debug|Any CPU
		{6BAE47F2-1FE9-4407-B575-14CED6E6700B}.Release|Any CPU.ActiveCfg = Release|Any CPU
		{6BAE47F2-1FE9-4407-B575-14CED6E6700B}.Release|Any CPU.Build.0 = Release|Any CPU
		{BF00ED96-CFC5-4D4C-BBCA-3D315D70D627}.Debug|Any CPU.ActiveCfg = Debug|Any CPU
		{BF00ED96-CFC5-4D4C-BBCA-3D315D70D627}.Debug|Any CPU.Build.0 = Debug|Any CPU
		{BF00ED96-CFC5-4D4C-BBCA-3D315D70D627}.Release|Any CPU.ActiveCfg = Release|Any CPU
		{BF00ED96-CFC5-4D4C-BBCA-3D315D70D627}.Release|Any CPU.Build.0 = Release|Any CPU
		{2B44D1FE-9A9E-48A7-80BC-584B860F0162}.Debug|Any CPU.ActiveCfg = Debug|Any CPU
		{2B44D1FE-9A9E-48A7-80BC-584B860F0162}.Debug|Any CPU.Build.0 = Debug|Any CPU
		{2B44D1FE-9A9E-48A7-80BC-584B860F0162}.Release|Any CPU.ActiveCfg = Release|Any CPU
		{2B44D1FE-9A9E-48A7-80BC-584B860F0162}.Release|Any CPU.Build.0 = Release|Any CPU
		{FC7DFA37-0D37-41CA-954B-63D29CB9723F}.Debug|Any CPU.ActiveCfg = Debug|Any CPU
		{FC7DFA37-0D37-41CA-954B-63D29CB9723F}.Debug|Any CPU.Build.0 = Debug|Any CPU
		{FC7DFA37-0D37-41CA-954B-63D29CB9723F}.Release|Any CPU.ActiveCfg = Release|Any CPU
		{FC7DFA37-0D37-41CA-954B-63D29CB9723F}.Release|Any CPU.Build.0 = Release|Any CPU
		{04FBFE3A-EAB4-472A-ADF1-CAE6E83FA08E}.Debug|Any CPU.ActiveCfg = Debug|Any CPU
		{04FBFE3A-EAB4-472A-ADF1-CAE6E83FA08E}.Debug|Any CPU.Build.0 = Debug|Any CPU
		{04FBFE3A-EAB4-472A-ADF1-CAE6E83FA08E}.Release|Any CPU.ActiveCfg = Release|Any CPU
		{04FBFE3A-EAB4-472A-ADF1-CAE6E83FA08E}.Release|Any CPU.Build.0 = Release|Any CPU
		{78E4D6CA-BC06-4C38-81FE-72CEB279A924}.Debug|Any CPU.ActiveCfg = Debug|Any CPU
		{78E4D6CA-BC06-4C38-81FE-72CEB279A924}.Debug|Any CPU.Build.0 = Debug|Any CPU
		{78E4D6CA-BC06-4C38-81FE-72CEB279A924}.Release|Any CPU.ActiveCfg = Release|Any CPU
		{78E4D6CA-BC06-4C38-81FE-72CEB279A924}.Release|Any CPU.Build.0 = Release|Any CPU
		{1672BA8E-2700-465B-8B20-0B889E209E09}.Debug|Any CPU.ActiveCfg = Debug|Any CPU
		{1672BA8E-2700-465B-8B20-0B889E209E09}.Debug|Any CPU.Build.0 = Debug|Any CPU
		{1672BA8E-2700-465B-8B20-0B889E209E09}.Release|Any CPU.ActiveCfg = Release|Any CPU
		{1672BA8E-2700-465B-8B20-0B889E209E09}.Release|Any CPU.Build.0 = Release|Any CPU
		{AE164E35-98FA-4B80-B3A8-C135532C0C1F}.Debug|Any CPU.ActiveCfg = Debug|Any CPU
		{AE164E35-98FA-4B80-B3A8-C135532C0C1F}.Debug|Any CPU.Build.0 = Debug|Any CPU
		{AE164E35-98FA-4B80-B3A8-C135532C0C1F}.Release|Any CPU.ActiveCfg = Release|Any CPU
		{AE164E35-98FA-4B80-B3A8-C135532C0C1F}.Release|Any CPU.Build.0 = Release|Any CPU
		{DDD91510-8ED7-4101-A233-F603DE3C4818}.Debug|Any CPU.ActiveCfg = Debug|Any CPU
		{DDD91510-8ED7-4101-A233-F603DE3C4818}.Debug|Any CPU.Build.0 = Debug|Any CPU
		{DDD91510-8ED7-4101-A233-F603DE3C4818}.Release|Any CPU.ActiveCfg = Release|Any CPU
		{DDD91510-8ED7-4101-A233-F603DE3C4818}.Release|Any CPU.Build.0 = Release|Any CPU
		{D4261121-0CBA-48ED-871A-E5CE8EF5FA7F}.Debug|Any CPU.ActiveCfg = Debug|Any CPU
		{D4261121-0CBA-48ED-871A-E5CE8EF5FA7F}.Debug|Any CPU.Build.0 = Debug|Any CPU
		{D4261121-0CBA-48ED-871A-E5CE8EF5FA7F}.Release|Any CPU.ActiveCfg = Release|Any CPU
		{D4261121-0CBA-48ED-871A-E5CE8EF5FA7F}.Release|Any CPU.Build.0 = Release|Any CPU
		{547CFB00-5425-494E-B8EE-442ACEAFC265}.Debug|Any CPU.ActiveCfg = Debug|Any CPU
		{547CFB00-5425-494E-B8EE-442ACEAFC265}.Debug|Any CPU.Build.0 = Debug|Any CPU
		{547CFB00-5425-494E-B8EE-442ACEAFC265}.Release|Any CPU.ActiveCfg = Release|Any CPU
		{547CFB00-5425-494E-B8EE-442ACEAFC265}.Release|Any CPU.Build.0 = Release|Any CPU
		{68E5A530-E8AD-4A9C-8F7E-05833DCEEA04}.Debug|Any CPU.ActiveCfg = Debug|Any CPU
		{68E5A530-E8AD-4A9C-8F7E-05833DCEEA04}.Debug|Any CPU.Build.0 = Debug|Any CPU
		{68E5A530-E8AD-4A9C-8F7E-05833DCEEA04}.Release|Any CPU.ActiveCfg = Release|Any CPU
		{68E5A530-E8AD-4A9C-8F7E-05833DCEEA04}.Release|Any CPU.Build.0 = Release|Any CPU
		{C3D225AD-4E52-441F-9A4D-1DBBF9E7268F}.Debug|Any CPU.ActiveCfg = Debug|Any CPU
		{C3D225AD-4E52-441F-9A4D-1DBBF9E7268F}.Debug|Any CPU.Build.0 = Debug|Any CPU
		{C3D225AD-4E52-441F-9A4D-1DBBF9E7268F}.Release|Any CPU.ActiveCfg = Release|Any CPU
		{C3D225AD-4E52-441F-9A4D-1DBBF9E7268F}.Release|Any CPU.Build.0 = Release|Any CPU
		{F369FEF9-DAC3-45CD-86A7-1823F399CA9A}.Debug|Any CPU.ActiveCfg = Debug|Any CPU
		{F369FEF9-DAC3-45CD-86A7-1823F399CA9A}.Debug|Any CPU.Build.0 = Debug|Any CPU
		{F369FEF9-DAC3-45CD-86A7-1823F399CA9A}.Release|Any CPU.ActiveCfg = Release|Any CPU
		{F369FEF9-DAC3-45CD-86A7-1823F399CA9A}.Release|Any CPU.Build.0 = Release|Any CPU
		{C380C407-95BE-4892-9A0D-265A4F2B68AA}.Debug|Any CPU.ActiveCfg = Debug|Any CPU
		{C380C407-95BE-4892-9A0D-265A4F2B68AA}.Debug|Any CPU.Build.0 = Debug|Any CPU
		{C380C407-95BE-4892-9A0D-265A4F2B68AA}.Release|Any CPU.ActiveCfg = Release|Any CPU
		{C380C407-95BE-4892-9A0D-265A4F2B68AA}.Release|Any CPU.Build.0 = Release|Any CPU
		{59D13AA1-E364-497A-968A-3154AC00EB35}.Debug|Any CPU.ActiveCfg = Debug|Any CPU
		{59D13AA1-E364-497A-968A-3154AC00EB35}.Debug|Any CPU.Build.0 = Debug|Any CPU
		{59D13AA1-E364-497A-968A-3154AC00EB35}.Release|Any CPU.ActiveCfg = Release|Any CPU
		{59D13AA1-E364-497A-968A-3154AC00EB35}.Release|Any CPU.Build.0 = Release|Any CPU
		{798C88B3-4CF8-4EC0-9EF6-69F4C6A013B1}.Debug|Any CPU.ActiveCfg = Debug|Any CPU
		{798C88B3-4CF8-4EC0-9EF6-69F4C6A013B1}.Debug|Any CPU.Build.0 = Debug|Any CPU
		{798C88B3-4CF8-4EC0-9EF6-69F4C6A013B1}.Release|Any CPU.ActiveCfg = Release|Any CPU
		{798C88B3-4CF8-4EC0-9EF6-69F4C6A013B1}.Release|Any CPU.Build.0 = Release|Any CPU
	EndGlobalSection
	GlobalSection(SolutionProperties) = preSolution
		HideSolutionNode = FALSE
	EndGlobalSection
	GlobalSection(ExtensibilityGlobals) = postSolution
		SolutionGuid = {E3647CB9-52F1-4A09-A6E4-2771870D69A0}
	EndGlobalSection
EndGlobal
