
Microsoft Visual Studio Solution File, Format Version 12.00
# Visual Studio Version 17
VisualStudioVersion = 17.0.31919.166
MinimumVisualStudioVersion = 10.0.40219.1
Project("{9A19103F-16F7-4668-BE54-9A1E7A4F7556}") = "Library", "Library\Library.csproj", "{ECDDC238-6745-4B8D-B409-F0BA0082FD77}"
EndProject
Project("{9A19103F-16F7-4668-BE54-9A1E7A4F7556}") = "Day02", "Day02\Day02.csproj", "{B7F95590-2364-4CF0-8DB0-114BA41B49D6}"
EndProject
Project("{9A19103F-16F7-4668-BE54-9A1E7A4F7556}") = "Day03", "Day03\Day03.csproj", "{EBE356C7-5BBE-450B-A45F-4C14175FE12C}"
EndProject
Project("{9A19103F-16F7-4668-BE54-9A1E7A4F7556}") = "Day04", "Day04\Day04.csproj", "{FF580DCF-9F3E-4D58-90C8-204D034EF2BD}"
EndProject
Project("{9A19103F-16F7-4668-BE54-9A1E7A4F7556}") = "Day05", "Day05\Day05.csproj", "{A3AAFEE1-78B8-4F18-87F2-CDED5F28AFD6}"
EndProject
Project("{9A19103F-16F7-4668-BE54-9A1E7A4F7556}") = "Day06", "Day06\Day06.csproj", "{846BBEA7-E9DE-4B32-A99C-671B55E222C8}"
EndProject
Project("{9A19103F-16F7-4668-BE54-9A1E7A4F7556}") = "Day07", "Day07\Day07.csproj", "{97C596D5-D7F4-4788-A9CE-3B3807E8D978}"
EndProject
Project("{9A19103F-16F7-4668-BE54-9A1E7A4F7556}") = "Day08", "Day08\Day08.csproj", "{A5573596-40BB-47FF-8107-9D60B256947D}"
EndProject
Project("{9A19103F-16F7-4668-BE54-9A1E7A4F7556}") = "Day09", "Day09\Day09.csproj", "{839FB6EF-2238-4655-B7DA-E65C0E57E114}"
EndProject
Project("{9A19103F-16F7-4668-BE54-9A1E7A4F7556}") = "Day10", "Day10\Day10.csproj", "{F8BFDCC1-E287-4C02-AF87-0A1E612AA05B}"
EndProject
Project("{9A19103F-16F7-4668-BE54-9A1E7A4F7556}") = "Day11", "Day11\Day11.csproj", "{26E82EC3-E254-4725-B169-B0A057314A83}"
EndProject
Project("{9A19103F-16F7-4668-BE54-9A1E7A4F7556}") = "Day12", "Day12\Day12.csproj", "{D6A58697-0AF1-43BF-8930-1FCF5C51DBF2}"
EndProject
Project("{9A19103F-16F7-4668-BE54-9A1E7A4F7556}") = "Day13", "Day13\Day13.csproj", "{95BB47A3-A2F6-4F8A-804D-98991DA81E4E}"
EndProject
Project("{9A19103F-16F7-4668-BE54-9A1E7A4F7556}") = "Day14", "Day14\Day14.csproj", "{6ED7C937-C5C3-4BE5-B250-325056BD4276}"
EndProject
Project("{9A19103F-16F7-4668-BE54-9A1E7A4F7556}") = "Day15", "Day15\Day15.csproj", "{F100C8BD-7273-4A6A-B4D7-9F460CBC5FAD}"
EndProject
Project("{9A19103F-16F7-4668-BE54-9A1E7A4F7556}") = "Day16", "Day16\Day16.csproj", "{34A142E1-6BEE-4BBD-B799-3C25FF70E8F1}"
EndProject
Project("{9A19103F-16F7-4668-BE54-9A1E7A4F7556}") = "Day17", "Day17\Day17.csproj", "{BFB2B7E1-6505-48E8-9427-E6A107D9D28A}"
EndProject
Project("{9A19103F-16F7-4668-BE54-9A1E7A4F7556}") = "Day18", "Day18\Day18.csproj", "{D847E58B-6837-45EA-BF29-77E19891E02B}"
EndProject
Project("{9A19103F-16F7-4668-BE54-9A1E7A4F7556}") = "Day19", "Day19\Day19.csproj", "{6C0549D7-2E8F-4115-B265-D63B2D3D937E}"
EndProject
Project("{9A19103F-16F7-4668-BE54-9A1E7A4F7556}") = "Day20", "Day20\Day20.csproj", "{8BD4F097-DF1A-48EE-937F-B78313AC69A2}"
EndProject
Project("{9A19103F-16F7-4668-BE54-9A1E7A4F7556}") = "Day21", "Day21\Day21.csproj", "{F42E9338-4FD8-4A98-BBEC-AD4B4443DB42}"
EndProject
Project("{9A19103F-16F7-4668-BE54-9A1E7A4F7556}") = "Day22", "Day22\Day22.csproj", "{1A8354D5-3DF6-40E7-95DF-F9C86D085F4F}"
EndProject
Project("{9A19103F-16F7-4668-BE54-9A1E7A4F7556}") = "Day23", "Day23\Day23.csproj", "{9295F8B3-99F7-4C1D-B669-E043D3AF1DC4}"
EndProject
Project("{9A19103F-16F7-4668-BE54-9A1E7A4F7556}") = "Day24", "Day24\Day24.csproj", "{94F88886-F9B4-4B9E-9C31-0E31585D3195}"
EndProject
Project("{9A19103F-16F7-4668-BE54-9A1E7A4F7556}") = "Day25", "Day25\Day25.csproj", "{D21C3A1C-50A6-4CEA-9D59-5B8A12E9B779}"
EndProject
Project("{9A19103F-16F7-4668-BE54-9A1E7A4F7556}") = "Day 01", "Day01\Day 01.csproj", "{E1EE2EAC-F5FD-4F36-9090-3F330764DDA8}"
EndProject
Global
	GlobalSection(SolutionConfigurationPlatforms) = preSolution
		Debug|Any CPU = Debug|Any CPU
		Release|Any CPU = Release|Any CPU
	EndGlobalSection
	GlobalSection(ProjectConfigurationPlatforms) = postSolution
		{ECDDC238-6745-4B8D-B409-F0BA0082FD77}.Debug|Any CPU.ActiveCfg = Debug|Any CPU
		{ECDDC238-6745-4B8D-B409-F0BA0082FD77}.Debug|Any CPU.Build.0 = Debug|Any CPU
		{ECDDC238-6745-4B8D-B409-F0BA0082FD77}.Release|Any CPU.ActiveCfg = Release|Any CPU
		{ECDDC238-6745-4B8D-B409-F0BA0082FD77}.Release|Any CPU.Build.0 = Release|Any CPU
		{B7F95590-2364-4CF0-8DB0-114BA41B49D6}.Debug|Any CPU.ActiveCfg = Debug|Any CPU
		{B7F95590-2364-4CF0-8DB0-114BA41B49D6}.Debug|Any CPU.Build.0 = Debug|Any CPU
		{B7F95590-2364-4CF0-8DB0-114BA41B49D6}.Release|Any CPU.ActiveCfg = Release|Any CPU
		{B7F95590-2364-4CF0-8DB0-114BA41B49D6}.Release|Any CPU.Build.0 = Release|Any CPU
		{EBE356C7-5BBE-450B-A45F-4C14175FE12C}.Debug|Any CPU.ActiveCfg = Debug|Any CPU
		{EBE356C7-5BBE-450B-A45F-4C14175FE12C}.Debug|Any CPU.Build.0 = Debug|Any CPU
		{EBE356C7-5BBE-450B-A45F-4C14175FE12C}.Release|Any CPU.ActiveCfg = Release|Any CPU
		{EBE356C7-5BBE-450B-A45F-4C14175FE12C}.Release|Any CPU.Build.0 = Release|Any CPU
		{FF580DCF-9F3E-4D58-90C8-204D034EF2BD}.Debug|Any CPU.ActiveCfg = Debug|Any CPU
		{FF580DCF-9F3E-4D58-90C8-204D034EF2BD}.Debug|Any CPU.Build.0 = Debug|Any CPU
		{FF580DCF-9F3E-4D58-90C8-204D034EF2BD}.Release|Any CPU.ActiveCfg = Release|Any CPU
		{FF580DCF-9F3E-4D58-90C8-204D034EF2BD}.Release|Any CPU.Build.0 = Release|Any CPU
		{A3AAFEE1-78B8-4F18-87F2-CDED5F28AFD6}.Debug|Any CPU.ActiveCfg = Debug|Any CPU
		{A3AAFEE1-78B8-4F18-87F2-CDED5F28AFD6}.Debug|Any CPU.Build.0 = Debug|Any CPU
		{A3AAFEE1-78B8-4F18-87F2-CDED5F28AFD6}.Release|Any CPU.ActiveCfg = Release|Any CPU
		{A3AAFEE1-78B8-4F18-87F2-CDED5F28AFD6}.Release|Any CPU.Build.0 = Release|Any CPU
		{846BBEA7-E9DE-4B32-A99C-671B55E222C8}.Debug|Any CPU.ActiveCfg = Debug|Any CPU
		{846BBEA7-E9DE-4B32-A99C-671B55E222C8}.Debug|Any CPU.Build.0 = Debug|Any CPU
		{846BBEA7-E9DE-4B32-A99C-671B55E222C8}.Release|Any CPU.ActiveCfg = Release|Any CPU
		{846BBEA7-E9DE-4B32-A99C-671B55E222C8}.Release|Any CPU.Build.0 = Release|Any CPU
		{97C596D5-D7F4-4788-A9CE-3B3807E8D978}.Debug|Any CPU.ActiveCfg = Debug|Any CPU
		{97C596D5-D7F4-4788-A9CE-3B3807E8D978}.Debug|Any CPU.Build.0 = Debug|Any CPU
		{97C596D5-D7F4-4788-A9CE-3B3807E8D978}.Release|Any CPU.ActiveCfg = Release|Any CPU
		{97C596D5-D7F4-4788-A9CE-3B3807E8D978}.Release|Any CPU.Build.0 = Release|Any CPU
		{A5573596-40BB-47FF-8107-9D60B256947D}.Debug|Any CPU.ActiveCfg = Debug|Any CPU
		{A5573596-40BB-47FF-8107-9D60B256947D}.Debug|Any CPU.Build.0 = Debug|Any CPU
		{A5573596-40BB-47FF-8107-9D60B256947D}.Release|Any CPU.ActiveCfg = Release|Any CPU
		{A5573596-40BB-47FF-8107-9D60B256947D}.Release|Any CPU.Build.0 = Release|Any CPU
		{839FB6EF-2238-4655-B7DA-E65C0E57E114}.Debug|Any CPU.ActiveCfg = Debug|Any CPU
		{839FB6EF-2238-4655-B7DA-E65C0E57E114}.Debug|Any CPU.Build.0 = Debug|Any CPU
		{839FB6EF-2238-4655-B7DA-E65C0E57E114}.Release|Any CPU.ActiveCfg = Release|Any CPU
		{839FB6EF-2238-4655-B7DA-E65C0E57E114}.Release|Any CPU.Build.0 = Release|Any CPU
		{F8BFDCC1-E287-4C02-AF87-0A1E612AA05B}.Debug|Any CPU.ActiveCfg = Debug|Any CPU
		{F8BFDCC1-E287-4C02-AF87-0A1E612AA05B}.Debug|Any CPU.Build.0 = Debug|Any CPU
		{F8BFDCC1-E287-4C02-AF87-0A1E612AA05B}.Release|Any CPU.ActiveCfg = Release|Any CPU
		{F8BFDCC1-E287-4C02-AF87-0A1E612AA05B}.Release|Any CPU.Build.0 = Release|Any CPU
		{26E82EC3-E254-4725-B169-B0A057314A83}.Debug|Any CPU.ActiveCfg = Debug|Any CPU
		{26E82EC3-E254-4725-B169-B0A057314A83}.Debug|Any CPU.Build.0 = Debug|Any CPU
		{26E82EC3-E254-4725-B169-B0A057314A83}.Release|Any CPU.ActiveCfg = Release|Any CPU
		{26E82EC3-E254-4725-B169-B0A057314A83}.Release|Any CPU.Build.0 = Release|Any CPU
		{D6A58697-0AF1-43BF-8930-1FCF5C51DBF2}.Debug|Any CPU.ActiveCfg = Debug|Any CPU
		{D6A58697-0AF1-43BF-8930-1FCF5C51DBF2}.Debug|Any CPU.Build.0 = Debug|Any CPU
		{D6A58697-0AF1-43BF-8930-1FCF5C51DBF2}.Release|Any CPU.ActiveCfg = Release|Any CPU
		{D6A58697-0AF1-43BF-8930-1FCF5C51DBF2}.Release|Any CPU.Build.0 = Release|Any CPU
		{95BB47A3-A2F6-4F8A-804D-98991DA81E4E}.Debug|Any CPU.ActiveCfg = Debug|Any CPU
		{95BB47A3-A2F6-4F8A-804D-98991DA81E4E}.Debug|Any CPU.Build.0 = Debug|Any CPU
		{95BB47A3-A2F6-4F8A-804D-98991DA81E4E}.Release|Any CPU.ActiveCfg = Release|Any CPU
		{95BB47A3-A2F6-4F8A-804D-98991DA81E4E}.Release|Any CPU.Build.0 = Release|Any CPU
		{6ED7C937-C5C3-4BE5-B250-325056BD4276}.Debug|Any CPU.ActiveCfg = Debug|Any CPU
		{6ED7C937-C5C3-4BE5-B250-325056BD4276}.Debug|Any CPU.Build.0 = Debug|Any CPU
		{6ED7C937-C5C3-4BE5-B250-325056BD4276}.Release|Any CPU.ActiveCfg = Release|Any CPU
		{6ED7C937-C5C3-4BE5-B250-325056BD4276}.Release|Any CPU.Build.0 = Release|Any CPU
		{F100C8BD-7273-4A6A-B4D7-9F460CBC5FAD}.Debug|Any CPU.ActiveCfg = Debug|Any CPU
		{F100C8BD-7273-4A6A-B4D7-9F460CBC5FAD}.Debug|Any CPU.Build.0 = Debug|Any CPU
		{F100C8BD-7273-4A6A-B4D7-9F460CBC5FAD}.Release|Any CPU.ActiveCfg = Release|Any CPU
		{F100C8BD-7273-4A6A-B4D7-9F460CBC5FAD}.Release|Any CPU.Build.0 = Release|Any CPU
		{34A142E1-6BEE-4BBD-B799-3C25FF70E8F1}.Debug|Any CPU.ActiveCfg = Debug|Any CPU
		{34A142E1-6BEE-4BBD-B799-3C25FF70E8F1}.Debug|Any CPU.Build.0 = Debug|Any CPU
		{34A142E1-6BEE-4BBD-B799-3C25FF70E8F1}.Release|Any CPU.ActiveCfg = Release|Any CPU
		{34A142E1-6BEE-4BBD-B799-3C25FF70E8F1}.Release|Any CPU.Build.0 = Release|Any CPU
		{BFB2B7E1-6505-48E8-9427-E6A107D9D28A}.Debug|Any CPU.ActiveCfg = Debug|Any CPU
		{BFB2B7E1-6505-48E8-9427-E6A107D9D28A}.Debug|Any CPU.Build.0 = Debug|Any CPU
		{BFB2B7E1-6505-48E8-9427-E6A107D9D28A}.Release|Any CPU.ActiveCfg = Release|Any CPU
		{BFB2B7E1-6505-48E8-9427-E6A107D9D28A}.Release|Any CPU.Build.0 = Release|Any CPU
		{D847E58B-6837-45EA-BF29-77E19891E02B}.Debug|Any CPU.ActiveCfg = Debug|Any CPU
		{D847E58B-6837-45EA-BF29-77E19891E02B}.Debug|Any CPU.Build.0 = Debug|Any CPU
		{D847E58B-6837-45EA-BF29-77E19891E02B}.Release|Any CPU.ActiveCfg = Release|Any CPU
		{D847E58B-6837-45EA-BF29-77E19891E02B}.Release|Any CPU.Build.0 = Release|Any CPU
		{6C0549D7-2E8F-4115-B265-D63B2D3D937E}.Debug|Any CPU.ActiveCfg = Debug|Any CPU
		{6C0549D7-2E8F-4115-B265-D63B2D3D937E}.Debug|Any CPU.Build.0 = Debug|Any CPU
		{6C0549D7-2E8F-4115-B265-D63B2D3D937E}.Release|Any CPU.ActiveCfg = Release|Any CPU
		{6C0549D7-2E8F-4115-B265-D63B2D3D937E}.Release|Any CPU.Build.0 = Release|Any CPU
		{8BD4F097-DF1A-48EE-937F-B78313AC69A2}.Debug|Any CPU.ActiveCfg = Debug|Any CPU
		{8BD4F097-DF1A-48EE-937F-B78313AC69A2}.Debug|Any CPU.Build.0 = Debug|Any CPU
		{8BD4F097-DF1A-48EE-937F-B78313AC69A2}.Release|Any CPU.ActiveCfg = Release|Any CPU
		{8BD4F097-DF1A-48EE-937F-B78313AC69A2}.Release|Any CPU.Build.0 = Release|Any CPU
		{F42E9338-4FD8-4A98-BBEC-AD4B4443DB42}.Debug|Any CPU.ActiveCfg = Debug|Any CPU
		{F42E9338-4FD8-4A98-BBEC-AD4B4443DB42}.Debug|Any CPU.Build.0 = Debug|Any CPU
		{F42E9338-4FD8-4A98-BBEC-AD4B4443DB42}.Release|Any CPU.ActiveCfg = Release|Any CPU
		{F42E9338-4FD8-4A98-BBEC-AD4B4443DB42}.Release|Any CPU.Build.0 = Release|Any CPU
		{1A8354D5-3DF6-40E7-95DF-F9C86D085F4F}.Debug|Any CPU.ActiveCfg = Debug|Any CPU
		{1A8354D5-3DF6-40E7-95DF-F9C86D085F4F}.Debug|Any CPU.Build.0 = Debug|Any CPU
		{1A8354D5-3DF6-40E7-95DF-F9C86D085F4F}.Release|Any CPU.ActiveCfg = Release|Any CPU
		{1A8354D5-3DF6-40E7-95DF-F9C86D085F4F}.Release|Any CPU.Build.0 = Release|Any CPU
		{9295F8B3-99F7-4C1D-B669-E043D3AF1DC4}.Debug|Any CPU.ActiveCfg = Debug|Any CPU
		{9295F8B3-99F7-4C1D-B669-E043D3AF1DC4}.Debug|Any CPU.Build.0 = Debug|Any CPU
		{9295F8B3-99F7-4C1D-B669-E043D3AF1DC4}.Release|Any CPU.ActiveCfg = Release|Any CPU
		{9295F8B3-99F7-4C1D-B669-E043D3AF1DC4}.Release|Any CPU.Build.0 = Release|Any CPU
		{94F88886-F9B4-4B9E-9C31-0E31585D3195}.Debug|Any CPU.ActiveCfg = Debug|Any CPU
		{94F88886-F9B4-4B9E-9C31-0E31585D3195}.Debug|Any CPU.Build.0 = Debug|Any CPU
		{94F88886-F9B4-4B9E-9C31-0E31585D3195}.Release|Any CPU.ActiveCfg = Release|Any CPU
		{94F88886-F9B4-4B9E-9C31-0E31585D3195}.Release|Any CPU.Build.0 = Release|Any CPU
		{D21C3A1C-50A6-4CEA-9D59-5B8A12E9B779}.Debug|Any CPU.ActiveCfg = Debug|Any CPU
		{D21C3A1C-50A6-4CEA-9D59-5B8A12E9B779}.Debug|Any CPU.Build.0 = Debug|Any CPU
		{D21C3A1C-50A6-4CEA-9D59-5B8A12E9B779}.Release|Any CPU.ActiveCfg = Release|Any CPU
		{D21C3A1C-50A6-4CEA-9D59-5B8A12E9B779}.Release|Any CPU.Build.0 = Release|Any CPU
		{E1EE2EAC-F5FD-4F36-9090-3F330764DDA8}.Debug|Any CPU.ActiveCfg = Debug|Any CPU
		{E1EE2EAC-F5FD-4F36-9090-3F330764DDA8}.Debug|Any CPU.Build.0 = Debug|Any CPU
		{E1EE2EAC-F5FD-4F36-9090-3F330764DDA8}.Release|Any CPU.ActiveCfg = Release|Any CPU
		{E1EE2EAC-F5FD-4F36-9090-3F330764DDA8}.Release|Any CPU.Build.0 = Release|Any CPU
	EndGlobalSection
	GlobalSection(SolutionProperties) = preSolution
		HideSolutionNode = FALSE
	EndGlobalSection
	GlobalSection(ExtensibilityGlobals) = postSolution
		SolutionGuid = {8F43ABA7-46D2-4D8F-9744-E0CE13DAD1D7}
	EndGlobalSection
EndGlobal
